
Microsoft Visual Studio Solution File, Format Version 12.00
# Visual Studio Version 17
VisualStudioVersion = 17.6.33712.159
MinimumVisualStudioVersion = 10.0.40219.1
Project("{FAE04EC0-301F-11D3-BF4B-00C04F79EFBC}") = "MessageContracts", "MessageContracts.csproj", "{80CBD8B9-AB44-45D0-A90C-1E770EE743BC}"
EndProject
Global
	GlobalSection(SolutionConfigurationPlatforms) = preSolution
		Debug|Any CPU = Debug|Any CPU
		Release|Any CPU = Release|Any CPU
	EndGlobalSection
	GlobalSection(ProjectConfigurationPlatforms) = postSolution
		{80CBD8B9-AB44-45D0-A90C-1E770EE743BC}.Debug|Any CPU.ActiveCfg = Debug|Any CPU
		{80CBD8B9-AB44-45D0-A90C-1E770EE743BC}.Debug|Any CPU.Build.0 = Debug|Any CPU
		{80CBD8B9-AB44-45D0-A90C-1E770EE743BC}.Release|Any CPU.ActiveCfg = Release|Any CPU
		{80CBD8B9-AB44-45D0-A90C-1E770EE743BC}.Release|Any CPU.Build.0 = Release|Any CPU
	EndGlobalSection
	GlobalSection(SolutionProperties) = preSolution
		HideSolutionNode = FALSE
	EndGlobalSection
	GlobalSection(ExtensibilityGlobals) = postSolution
		SolutionGuid = {078D72BA-76DD-4125-92EB-9BAF59799BCA}
	EndGlobalSection
EndGlobal
