
Microsoft Visual Studio Solution File, Format Version 12.00
# Visual Studio Version 17
VisualStudioVersion = 17.6.33712.159
MinimumVisualStudioVersion = 10.0.40219.1
Project("{FAE04EC0-301F-11D3-BF4B-00C04F79EFBC}") = "JobsApi", "JobsApi\JobsApi.csproj", "{A63495C5-A91A-43C4-AFF9-80364AE9FF04}"
EndProject
Global
	GlobalSection(SolutionConfigurationPlatforms) = preSolution
		Debug|Any CPU = Debug|Any CPU
		Release|Any CPU = Release|Any CPU
	EndGlobalSection
	GlobalSection(ProjectConfigurationPlatforms) = postSolution
		{A63495C5-A91A-43C4-AFF9-80364AE9FF04}.Debug|Any CPU.ActiveCfg = Debug|Any CPU
		{A63495C5-A91A-43C4-AFF9-80364AE9FF04}.Debug|Any CPU.Build.0 = Debug|Any CPU
		{A63495C5-A91A-43C4-AFF9-80364AE9FF04}.Release|Any CPU.ActiveCfg = Release|Any CPU
		{A63495C5-A91A-43C4-AFF9-80364AE9FF04}.Release|Any CPU.Build.0 = Release|Any CPU
	EndGlobalSection
	GlobalSection(SolutionProperties) = preSolution
		HideSolutionNode = FALSE
	EndGlobalSection
	GlobalSection(ExtensibilityGlobals) = postSolution
		SolutionGuid = {B30D4A05-69A2-4FA9-9E89-53643326841C}
	EndGlobalSection
EndGlobal
